
Microsoft Visual Studio Solution File, Format Version 12.00
# Visual Studio 15
VisualStudioVersion = 15.0.27004.2006
MinimumVisualStudioVersion = 10.0.40219.1
Project("{FAE04EC0-301F-11D3-BF4B-00C04F79EFBC}") = "LocalizationDemoUwp", "LocalizationDemoUwp\LocalizationDemoUwp.csproj", "{1D2DB7C9-03B0-46E7-BA8E-CA3FFDF5831B}"
EndProject
Project("{FAE04EC0-301F-11D3-BF4B-00C04F79EFBC}") = "LocalizationDemoUwp.ResourceLibrary", "LocalizationDemoUwp.ResourceLibrary\LocalizationDemoUwp.ResourceLibrary.csproj", "{F478A94B-F5E8-4645-A7D6-B9B8EA0A52E2}"
EndProject
Global
	GlobalSection(SolutionConfigurationPlatforms) = preSolution
		Debug|Any CPU = Debug|Any CPU
		Debug|ARM = Debug|ARM
		Debug|x64 = Debug|x64
		Debug|x86 = Debug|x86
		Release|Any CPU = Release|Any CPU
		Release|ARM = Release|ARM
		Release|x64 = Release|x64
		Release|x86 = Release|x86
	EndGlobalSection
	GlobalSection(ProjectConfigurationPlatforms) = postSolution
		{1D2DB7C9-03B0-46E7-BA8E-CA3FFDF5831B}.Debug|Any CPU.ActiveCfg = Debug|x86
		{1D2DB7C9-03B0-46E7-BA8E-CA3FFDF5831B}.Debug|ARM.ActiveCfg = Debug|ARM
		{1D2DB7C9-03B0-46E7-BA8E-CA3FFDF5831B}.Debug|ARM.Build.0 = Debug|ARM
		{1D2DB7C9-03B0-46E7-BA8E-CA3FFDF5831B}.Debug|ARM.Deploy.0 = Debug|ARM
		{1D2DB7C9-03B0-46E7-BA8E-CA3FFDF5831B}.Debug|x64.ActiveCfg = Debug|x64
		{1D2DB7C9-03B0-46E7-BA8E-CA3FFDF5831B}.Debug|x64.Build.0 = Debug|x64
		{1D2DB7C9-03B0-46E7-BA8E-CA3FFDF5831B}.Debug|x64.Deploy.0 = Debug|x64
		{1D2DB7C9-03B0-46E7-BA8E-CA3FFDF5831B}.Debug|x86.ActiveCfg = Debug|x86
		{1D2DB7C9-03B0-46E7-BA8E-CA3FFDF5831B}.Debug|x86.Build.0 = Debug|x86
		{1D2DB7C9-03B0-46E7-BA8E-CA3FFDF5831B}.Debug|x86.Deploy.0 = Debug|x86
		{1D2DB7C9-03B0-46E7-BA8E-CA3FFDF5831B}.Release|Any CPU.ActiveCfg = Release|x86
		{1D2DB7C9-03B0-46E7-BA8E-CA3FFDF5831B}.Release|ARM.ActiveCfg = Release|ARM
		{1D2DB7C9-03B0-46E7-BA8E-CA3FFDF5831B}.Release|ARM.Build.0 = Release|ARM
		{1D2DB7C9-03B0-46E7-BA8E-CA3FFDF5831B}.Release|ARM.Deploy.0 = Release|ARM
		{1D2DB7C9-03B0-46E7-BA8E-CA3FFDF5831B}.Release|x64.ActiveCfg = Release|x64
		{1D2DB7C9-03B0-46E7-BA8E-CA3FFDF5831B}.Release|x64.Build.0 = Release|x64
		{1D2DB7C9-03B0-46E7-BA8E-CA3FFDF5831B}.Release|x64.Deploy.0 = Release|x64
		{1D2DB7C9-03B0-46E7-BA8E-CA3FFDF5831B}.Release|x86.ActiveCfg = Release|x86
		{1D2DB7C9-03B0-46E7-BA8E-CA3FFDF5831B}.Release|x86.Build.0 = Release|x86
		{1D2DB7C9-03B0-46E7-BA8E-CA3FFDF5831B}.Release|x86.Deploy.0 = Release|x86
		{F478A94B-F5E8-4645-A7D6-B9B8EA0A52E2}.Debug|Any CPU.ActiveCfg = Debug|Any CPU
		{F478A94B-F5E8-4645-A7D6-B9B8EA0A52E2}.Debug|Any CPU.Build.0 = Debug|Any CPU
		{F478A94B-F5E8-4645-A7D6-B9B8EA0A52E2}.Debug|ARM.ActiveCfg = Debug|ARM
		{F478A94B-F5E8-4645-A7D6-B9B8EA0A52E2}.Debug|ARM.Build.0 = Debug|ARM
		{F478A94B-F5E8-4645-A7D6-B9B8EA0A52E2}.Debug|x64.ActiveCfg = Debug|x64
		{F478A94B-F5E8-4645-A7D6-B9B8EA0A52E2}.Debug|x64.Build.0 = Debug|x64
		{F478A94B-F5E8-4645-A7D6-B9B8EA0A52E2}.Debug|x86.ActiveCfg = Debug|x86
		{F478A94B-F5E8-4645-A7D6-B9B8EA0A52E2}.Debug|x86.Build.0 = Debug|x86
		{F478A94B-F5E8-4645-A7D6-B9B8EA0A52E2}.Release|Any CPU.ActiveCfg = Release|Any CPU
		{F478A94B-F5E8-4645-A7D6-B9B8EA0A52E2}.Release|Any CPU.Build.0 = Release|Any CPU
		{F478A94B-F5E8-4645-A7D6-B9B8EA0A52E2}.Release|ARM.ActiveCfg = Release|ARM
		{F478A94B-F5E8-4645-A7D6-B9B8EA0A52E2}.Release|ARM.Build.0 = Release|ARM
		{F478A94B-F5E8-4645-A7D6-B9B8EA0A52E2}.Release|x64.ActiveCfg = Release|x64
		{F478A94B-F5E8-4645-A7D6-B9B8EA0A52E2}.Release|x64.Build.0 = Release|x64
		{F478A94B-F5E8-4645-A7D6-B9B8EA0A52E2}.Release|x86.ActiveCfg = Release|x86
		{F478A94B-F5E8-4645-A7D6-B9B8EA0A52E2}.Release|x86.Build.0 = Release|x86
	EndGlobalSection
	GlobalSection(SolutionProperties) = preSolution
		HideSolutionNode = FALSE
	EndGlobalSection
	GlobalSection(ExtensibilityGlobals) = postSolution
		SolutionGuid = {CD9EFADE-636D-42B3-A30A-494C0AF6945D}
	EndGlobalSection
EndGlobal
